// !$*UTF8*$!
{
	archiveVersion = 1;
	classes = {
	};
	objectVersion = 46;
	objects = {

/* Begin PBXBuildFile section */
		A57CA5771C5F61AD000ACE21 /* AppDelegate.swift in Sources */ = {isa = PBXBuildFile; fileRef = A57CA5761C5F61AD000ACE21 /* AppDelegate.swift */; };
		A57CA5791C5F61AD000ACE21 /* ViewController.swift in Sources */ = {isa = PBXBuildFile; fileRef = A57CA5781C5F61AD000ACE21 /* ViewController.swift */; };
		A57CA57C1C5F61AD000ACE21 /* Main.storyboard in Resources */ = {isa = PBXBuildFile; fileRef = A57CA57A1C5F61AD000ACE21 /* Main.storyboard */; };
		A57CA57E1C5F61AD000ACE21 /* Assets.xcassets in Resources */ = {isa = PBXBuildFile; fileRef = A57CA57D1C5F61AD000ACE21 /* Assets.xcassets */; };
		A57CA5861C60C16B000ACE21 /* PowerSlider.swift in Sources */ = {isa = PBXBuildFile; fileRef = A57CA5851C60C16B000ACE21 /* PowerSlider.swift */; };
		A57CA5881C60CA05000ACE21 /* PowerSliderDelegate.swift in Sources */ = {isa = PBXBuildFile; fileRef = A57CA5871C60CA05000ACE21 /* PowerSliderDelegate.swift */; };
		A57CA58A1C61101C000ACE21 /* PowerSlider.xcassets in Resources */ = {isa = PBXBuildFile; fileRef = A57CA5891C61101C000ACE21 /* PowerSlider.xcassets */; };
		A5977DB61C58D7630036D9E9 /* AppDelegate.swift in Sources */ = {isa = PBXBuildFile; fileRef = A5977DB51C58D7630036D9E9 /* AppDelegate.swift */; };
		A5977DB81C58D7630036D9E9 /* ViewController.swift in Sources */ = {isa = PBXBuildFile; fileRef = A5977DB71C58D7630036D9E9 /* ViewController.swift */; };
		A5977DBB1C58D7630036D9E9 /* Main.storyboard in Resources */ = {isa = PBXBuildFile; fileRef = A5977DB91C58D7630036D9E9 /* Main.storyboard */; };
		A5977DBD1C58D7630036D9E9 /* Assets.xcassets in Resources */ = {isa = PBXBuildFile; fileRef = A5977DBC1C58D7630036D9E9 /* Assets.xcassets */; };
		A5977DC01C58D7630036D9E9 /* LaunchScreen.storyboard in Resources */ = {isa = PBXBuildFile; fileRef = A5977DBE1C58D7630036D9E9 /* LaunchScreen.storyboard */; };
/* End PBXBuildFile section */

/* Begin PBXFileReference section */
		A57CA5741C5F61AD000ACE21 /* SwiftComponentsTVOS.app */ = {isa = PBXFileReference; explicitFileType = wrapper.application; includeInIndex = 0; path = SwiftComponentsTVOS.app; sourceTree = BUILT_PRODUCTS_DIR; };
		A57CA5761C5F61AD000ACE21 /* AppDelegate.swift */ = {isa = PBXFileReference; lastKnownFileType = sourcecode.swift; path = AppDelegate.swift; sourceTree = "<group>"; };
		A57CA5781C5F61AD000ACE21 /* ViewController.swift */ = {isa = PBXFileReference; lastKnownFileType = sourcecode.swift; path = ViewController.swift; sourceTree = "<group>"; };
		A57CA57B1C5F61AD000ACE21 /* Base */ = {isa = PBXFileReference; lastKnownFileType = file.storyboard; name = Base; path = Base.lproj/Main.storyboard; sourceTree = "<group>"; };
		A57CA57D1C5F61AD000ACE21 /* Assets.xcassets */ = {isa = PBXFileReference; lastKnownFileType = folder.assetcatalog; path = Assets.xcassets; sourceTree = "<group>"; };
		A57CA57F1C5F61AD000ACE21 /* Info.plist */ = {isa = PBXFileReference; lastKnownFileType = text.plist.xml; path = Info.plist; sourceTree = "<group>"; };
		A57CA5851C60C16B000ACE21 /* PowerSlider.swift */ = {isa = PBXFileReference; fileEncoding = 4; lastKnownFileType = sourcecode.swift; path = PowerSlider.swift; sourceTree = "<group>"; };
		A57CA5871C60CA05000ACE21 /* PowerSliderDelegate.swift */ = {isa = PBXFileReference; fileEncoding = 4; lastKnownFileType = sourcecode.swift; path = PowerSliderDelegate.swift; sourceTree = "<group>"; };
		A57CA5891C61101C000ACE21 /* PowerSlider.xcassets */ = {isa = PBXFileReference; lastKnownFileType = folder.assetcatalog; path = PowerSlider.xcassets; sourceTree = "<group>"; };
		A5977DB21C58D7630036D9E9 /* SwiftComponents.app */ = {isa = PBXFileReference; explicitFileType = wrapper.application; includeInIndex = 0; path = SwiftComponents.app; sourceTree = BUILT_PRODUCTS_DIR; };
		A5977DB51C58D7630036D9E9 /* AppDelegate.swift */ = {isa = PBXFileReference; lastKnownFileType = sourcecode.swift; path = AppDelegate.swift; sourceTree = "<group>"; };
		A5977DB71C58D7630036D9E9 /* ViewController.swift */ = {isa = PBXFileReference; lastKnownFileType = sourcecode.swift; path = ViewController.swift; sourceTree = "<group>"; };
		A5977DBA1C58D7630036D9E9 /* Base */ = {isa = PBXFileReference; lastKnownFileType = file.storyboard; name = Base; path = Base.lproj/Main.storyboard; sourceTree = "<group>"; };
		A5977DBC1C58D7630036D9E9 /* Assets.xcassets */ = {isa = PBXFileReference; lastKnownFileType = folder.assetcatalog; path = Assets.xcassets; sourceTree = "<group>"; };
		A5977DBF1C58D7630036D9E9 /* Base */ = {isa = PBXFileReference; lastKnownFileType = file.storyboard; name = Base; path = Base.lproj/LaunchScreen.storyboard; sourceTree = "<group>"; };
		A5977DC11C58D7630036D9E9 /* Info.plist */ = {isa = PBXFileReference; lastKnownFileType = text.plist.xml; path = Info.plist; sourceTree = "<group>"; };
/* End PBXFileReference section */

/* Begin PBXFrameworksBuildPhase section */
		A57CA5711C5F61AD000ACE21 /* Frameworks */ = {
			isa = PBXFrameworksBuildPhase;
			buildActionMask = 2147483647;
			files = (
			);
			runOnlyForDeploymentPostprocessing = 0;
		};
		A5977DAF1C58D7630036D9E9 /* Frameworks */ = {
			isa = PBXFrameworksBuildPhase;
			buildActionMask = 2147483647;
			files = (
			);
			runOnlyForDeploymentPostprocessing = 0;
		};
/* End PBXFrameworksBuildPhase section */

/* Begin PBXGroup section */
		A57CA5751C5F61AD000ACE21 /* SwiftComponentsTVOS */ = {
			isa = PBXGroup;
			children = (
				A57CA5761C5F61AD000ACE21 /* AppDelegate.swift */,
				A57CA5781C5F61AD000ACE21 /* ViewController.swift */,
				A57CA57A1C5F61AD000ACE21 /* Main.storyboard */,
				A57CA57D1C5F61AD000ACE21 /* Assets.xcassets */,
				A57CA57F1C5F61AD000ACE21 /* Info.plist */,
			);
			path = SwiftComponentsTVOS;
			sourceTree = "<group>";
		};
		A5977DA91C58D7630036D9E9 = {
			isa = PBXGroup;
			children = (
				A5977DB41C58D7630036D9E9 /* SwiftComponents */,
				A57CA5751C5F61AD000ACE21 /* SwiftComponentsTVOS */,
				A5977DB31C58D7630036D9E9 /* Products */,
			);
			sourceTree = "<group>";
		};
		A5977DB31C58D7630036D9E9 /* Products */ = {
			isa = PBXGroup;
			children = (
				A5977DB21C58D7630036D9E9 /* SwiftComponents.app */,
				A57CA5741C5F61AD000ACE21 /* SwiftComponentsTVOS.app */,
			);
			name = Products;
			sourceTree = "<group>";
		};
		A5977DB41C58D7630036D9E9 /* SwiftComponents */ = {
			isa = PBXGroup;
			children = (
				A5977DB51C58D7630036D9E9 /* AppDelegate.swift */,
				A5977DB71C58D7630036D9E9 /* ViewController.swift */,
				A57CA5851C60C16B000ACE21 /* PowerSlider.swift */,
				A57CA5891C61101C000ACE21 /* PowerSlider.xcassets */,
				A57CA5871C60CA05000ACE21 /* PowerSliderDelegate.swift */,
				A5977DB91C58D7630036D9E9 /* Main.storyboard */,
				A5977DBC1C58D7630036D9E9 /* Assets.xcassets */,
				A5977DBE1C58D7630036D9E9 /* LaunchScreen.storyboard */,
				A5977DC11C58D7630036D9E9 /* Info.plist */,
			);
			path = SwiftComponents;
			sourceTree = "<group>";
		};
/* End PBXGroup section */

/* Begin PBXNativeTarget section */
		A57CA5731C5F61AD000ACE21 /* SwiftComponentsTVOS */ = {
			isa = PBXNativeTarget;
			buildConfigurationList = A57CA5821C5F61AD000ACE21 /* Build configuration list for PBXNativeTarget "SwiftComponentsTVOS" */;
			buildPhases = (
				A57CA5701C5F61AD000ACE21 /* Sources */,
				A57CA5711C5F61AD000ACE21 /* Frameworks */,
				A57CA5721C5F61AD000ACE21 /* Resources */,
			);
			buildRules = (
			);
			dependencies = (
			);
			name = SwiftComponentsTVOS;
			productName = SwiftComponentsTVOS;
			productReference = A57CA5741C5F61AD000ACE21 /* SwiftComponentsTVOS.app */;
			productType = "com.apple.product-type.application";
		};
		A5977DB11C58D7630036D9E9 /* SwiftComponents */ = {
			isa = PBXNativeTarget;
			buildConfigurationList = A5977DC41C58D7630036D9E9 /* Build configuration list for PBXNativeTarget "SwiftComponents" */;
			buildPhases = (
				A5977DAE1C58D7630036D9E9 /* Sources */,
				A5977DAF1C58D7630036D9E9 /* Frameworks */,
				A5977DB01C58D7630036D9E9 /* Resources */,
			);
			buildRules = (
			);
			dependencies = (
			);
			name = SwiftComponents;
			productName = SwiftComponents;
			productReference = A5977DB21C58D7630036D9E9 /* SwiftComponents.app */;
			productType = "com.apple.product-type.application";
		};
/* End PBXNativeTarget section */

/* Begin PBXProject section */
		A5977DAA1C58D7630036D9E9 /* Project object */ = {
			isa = PBXProject;
			attributes = {
				LastSwiftUpdateCheck = 0720;
				LastUpgradeCheck = 0720;
				ORGANIZATIONNAME = contagious;
				TargetAttributes = {
					A57CA5731C5F61AD000ACE21 = {
						CreatedOnToolsVersion = 7.2;
					};
					A5977DB11C58D7630036D9E9 = {
						CreatedOnToolsVersion = 7.2;
					};
				};
			};
			buildConfigurationList = A5977DAD1C58D7630036D9E9 /* Build configuration list for PBXProject "SwiftComponents" */;
			compatibilityVersion = "Xcode 3.2";
			developmentRegion = English;
			hasScannedForEncodings = 0;
			knownRegions = (
				en,
				Base,
			);
			mainGroup = A5977DA91C58D7630036D9E9;
			productRefGroup = A5977DB31C58D7630036D9E9 /* Products */;
			projectDirPath = "";
			projectRoot = "";
			targets = (
				A5977DB11C58D7630036D9E9 /* SwiftComponents */,
				A57CA5731C5F61AD000ACE21 /* SwiftComponentsTVOS */,
			);
		};
/* End PBXProject section */

/* Begin PBXResourcesBuildPhase section */
		A57CA5721C5F61AD000ACE21 /* Resources */ = {
			isa = PBXResourcesBuildPhase;
			buildActionMask = 2147483647;
			files = (
				A57CA57E1C5F61AD000ACE21 /* Assets.xcassets in Resources */,
				A57CA57C1C5F61AD000ACE21 /* Main.storyboard in Resources */,
			);
			runOnlyForDeploymentPostprocessing = 0;
		};
		A5977DB01C58D7630036D9E9 /* Resources */ = {
			isa = PBXResourcesBuildPhase;
			buildActionMask = 2147483647;
			files = (
				A57CA58A1C61101C000ACE21 /* PowerSlider.xcassets in Resources */,
				A5977DC01C58D7630036D9E9 /* LaunchScreen.storyboard in Resources */,
				A5977DBD1C58D7630036D9E9 /* Assets.xcassets in Resources */,
				A5977DBB1C58D7630036D9E9 /* Main.storyboard in Resources */,
			);
			runOnlyForDeploymentPostprocessing = 0;
		};
/* End PBXResourcesBuildPhase section */

/* Begin PBXSourcesBuildPhase section */
		A57CA5701C5F61AD000ACE21 /* Sources */ = {
			isa = PBXSourcesBuildPhase;
			buildActionMask = 2147483647;
			files = (
				A57CA5791C5F61AD000ACE21 /* ViewController.swift in Sources */,
				A57CA5771C5F61AD000ACE21 /* AppDelegate.swift in Sources */,
			);
			runOnlyForDeploymentPostprocessing = 0;
		};
		A5977DAE1C58D7630036D9E9 /* Sources */ = {
			isa = PBXSourcesBuildPhase;
			buildActionMask = 2147483647;
			files = (
				A5977DB81C58D7630036D9E9 /* ViewController.swift in Sources */,
				A57CA5881C60CA05000ACE21 /* PowerSliderDelegate.swift in Sources */,
				A5977DB61C58D7630036D9E9 /* AppDelegate.swift in Sources */,
				A57CA5861C60C16B000ACE21 /* PowerSlider.swift in Sources */,
			);
			runOnlyForDeploymentPostprocessing = 0;
		};
/* End PBXSourcesBuildPhase section */

/* Begin PBXVariantGroup section */
		A57CA57A1C5F61AD000ACE21 /* Main.storyboard */ = {
			isa = PBXVariantGroup;
			children = (
				A57CA57B1C5F61AD000ACE21 /* Base */,
			);
			name = Main.storyboard;
			sourceTree = "<group>";
		};
		A5977DB91C58D7630036D9E9 /* Main.storyboard */ = {
			isa = PBXVariantGroup;
			children = (
				A5977DBA1C58D7630036D9E9 /* Base */,
			);
			name = Main.storyboard;
			sourceTree = "<group>";
		};
		A5977DBE1C58D7630036D9E9 /* LaunchScreen.storyboard */ = {
			isa = PBXVariantGroup;
			children = (
				A5977DBF1C58D7630036D9E9 /* Base */,
			);
			name = LaunchScreen.storyboard;
			sourceTree = "<group>";
		};
/* End PBXVariantGroup section */

/* Begin XCBuildConfiguration section */
		A57CA5801C5F61AD000ACE21 /* Debug */ = {
			isa = XCBuildConfiguration;
			buildSettings = {
				ASSETCATALOG_COMPILER_APPICON_NAME = "App Icon & Top Shelf Image";
				ASSETCATALOG_COMPILER_LAUNCHIMAGE_NAME = LaunchImage;
				INFOPLIST_FILE = SwiftComponentsTVOS/Info.plist;
				LD_RUNPATH_SEARCH_PATHS = "$(inherited) @executable_path/Frameworks";
				PRODUCT_BUNDLE_IDENTIFIER = com.contagiousenterprise.SwiftComponents;
				PRODUCT_NAME = "$(TARGET_NAME)";
				SDKROOT = appletvos;
				TARGETED_DEVICE_FAMILY = 3;
				TVOS_DEPLOYMENT_TARGET = 9.1;
			};
			name = Debug;
		};
		A57CA5811C5F61AD000ACE21 /* Release */ = {
			isa = XCBuildConfiguration;
			buildSettings = {
				ASSETCATALOG_COMPILER_APPICON_NAME = "App Icon & Top Shelf Image";
				ASSETCATALOG_COMPILER_LAUNCHIMAGE_NAME = LaunchImage;
				INFOPLIST_FILE = SwiftComponentsTVOS/Info.plist;
				LD_RUNPATH_SEARCH_PATHS = "$(inherited) @executable_path/Frameworks";
				PRODUCT_BUNDLE_IDENTIFIER = com.contagiousenterprise.SwiftComponents;
				PRODUCT_NAME = "$(TARGET_NAME)";
				SDKROOT = appletvos;
				TARGETED_DEVICE_FAMILY = 3;
				TVOS_DEPLOYMENT_TARGET = 9.1;
			};
			name = Release;
		};
		A5977DC21C58D7630036D9E9 /* Debug */ = {
			isa = XCBuildConfiguration;
			buildSettings = {
				ALWAYS_SEARCH_USER_PATHS = NO;
				CLANG_CXX_LANGUAGE_STANDARD = "gnu++0x";
				CLANG_CXX_LIBRARY = "libc++";
				CLANG_ENABLE_MODULES = YES;
				CLANG_ENABLE_OBJC_ARC = YES;
				CLANG_WARN_BOOL_CONVERSION = YES;
				CLANG_WARN_CONSTANT_CONVERSION = YES;
				CLANG_WARN_DIRECT_OBJC_ISA_USAGE = YES_ERROR;
				CLANG_WARN_EMPTY_BODY = YES;
				CLANG_WARN_ENUM_CONVERSION = YES;
				CLANG_WARN_INT_CONVERSION = YES;
				CLANG_WARN_OBJC_ROOT_CLASS = YES_ERROR;
				CLANG_WARN_UNREACHABLE_CODE = YES;
				CLANG_WARN__DUPLICATE_METHOD_MATCH = YES;
				"CODE_SIGN_IDENTITY[sdk=iphoneos*]" = "iPhone Developer";
				COPY_PHASE_STRIP = NO;
				DEBUG_INFORMATION_FORMAT = dwarf;
				ENABLE_STRICT_OBJC_MSGSEND = YES;
				ENABLE_TESTABILITY = YES;
				GCC_C_LANGUAGE_STANDARD = gnu99;
				GCC_DYNAMIC_NO_PIC = NO;
				GCC_NO_COMMON_BLOCKS = YES;
				GCC_OPTIMIZATION_LEVEL = 0;
				GCC_PREPROCESSOR_DEFINITIONS = (
					"DEBUG=1",
					"$(inherited)",
				);
				GCC_WARN_64_TO_32_BIT_CONVERSION = YES;
				GCC_WARN_ABOUT_RETURN_TYPE = YES_ERROR;
				GCC_WARN_UNDECLARED_SELECTOR = YES;
				GCC_WARN_UNINITIALIZED_AUTOS = YES_AGGRESSIVE;
				GCC_WARN_UNUSED_FUNCTION = YES;
				GCC_WARN_UNUSED_VARIABLE = YES;
				IPHONEOS_DEPLOYMENT_TARGET = 9.2;
				MTL_ENABLE_DEBUG_INFO = YES;
				ONLY_ACTIVE_ARCH = YES;
				SDKROOT = iphoneos;
				SWIFT_OPTIMIZATION_LEVEL = "-Onone";
				TARGETED_DEVICE_FAMILY = "1,2";
			};
			name = Debug;
		};
		A5977DC31C58D7630036D9E9 /* Release */ = {
			isa = XCBuildConfiguration;
			buildSettings = {
				ALWAYS_SEARCH_USER_PATHS = NO;
				CLANG_CXX_LANGUAGE_STANDARD = "gnu++0x";
				CLANG_CXX_LIBRARY = "libc++";
				CLANG_ENABLE_MODULES = YES;
				CLANG_ENABLE_OBJC_ARC = YES;
				CLANG_WARN_BOOL_CONVERSION = YES;
				CLANG_WARN_CONSTANT_CONVERSION = YES;
				CLANG_WARN_DIRECT_OBJC_ISA_USAGE = YES_ERROR;
				CLANG_WARN_EMPTY_BODY = YES;
				CLANG_WARN_ENUM_CONVERSION = YES;
				CLANG_WARN_INT_CONVERSION = YES;
				CLANG_WARN_OBJC_ROOT_CLASS = YES_ERROR;
				CLANG_WARN_UNREACHABLE_CODE = YES;
				CLANG_WARN__DUPLICATE_METHOD_MATCH = YES;
				"CODE_SIGN_IDENTITY[sdk=iphoneos*]" = "iPhone Developer";
				COPY_PHASE_STRIP = NO;
				DEBUG_INFORMATION_FORMAT = "dwarf-with-dsym";
				ENABLE_NS_ASSERTIONS = NO;
				ENABLE_STRICT_OBJC_MSGSEND = YES;
				GCC_C_LANGUAGE_STANDARD = gnu99;
				GCC_NO_COMMON_BLOCKS = YES;
				GCC_WARN_64_TO_32_BIT_CONVERSION = YES;
				GCC_WARN_ABOUT_RETURN_TYPE = YES_ERROR;
				GCC_WARN_UNDECLARED_SELECTOR = YES;
				GCC_WARN_UNINITIALIZED_AUTOS = YES_AGGRESSIVE;
				GCC_WARN_UNUSED_FUNCTION = YES;
				GCC_WARN_UNUSED_VARIABLE = YES;
				IPHONEOS_DEPLOYMENT_TARGET = 9.2;
				MTL_ENABLE_DEBUG_INFO = NO;
				SDKROOT = iphoneos;
				TARGETED_DEVICE_FAMILY = "1,2";
				VALIDATE_PRODUCT = YES;
			};
			name = Release;
		};
		A5977DC51C58D7630036D9E9 /* Debug */ = {
			isa = XCBuildConfiguration;
			buildSettings = {
				ASSETCATALOG_COMPILER_APPICON_NAME = AppIcon;
				INFOPLIST_FILE = SwiftComponents/Info.plist;
				LD_RUNPATH_SEARCH_PATHS = "$(inherited) @executable_path/Frameworks";
				PRODUCT_BUNDLE_IDENTIFIER = com.contagiousenterprise.SwiftComponents;
				PRODUCT_NAME = "$(TARGET_NAME)";
				TARGETED_DEVICE_FAMILY = "1,2";
			};
			name = Debug;
		};
		A5977DC61C58D7630036D9E9 /* Release */ = {
			isa = XCBuildConfiguration;
			buildSettings = {
				ASSETCATALOG_COMPILER_APPICON_NAME = AppIcon;
				INFOPLIST_FILE = SwiftComponents/Info.plist;
				LD_RUNPATH_SEARCH_PATHS = "$(inherited) @executable_path/Frameworks";
				PRODUCT_BUNDLE_IDENTIFIER = com.contagiousenterprise.SwiftComponents;
				PRODUCT_NAME = "$(TARGET_NAME)";
				TARGETED_DEVICE_FAMILY = "1,2";
			};
			name = Release;
		};
/* End XCBuildConfiguration section */

/* Begin XCConfigurationList section */
		A57CA5821C5F61AD000ACE21 /* Build configuration list for PBXNativeTarget "SwiftComponentsTVOS" */ = {
			isa = XCConfigurationList;
			buildConfigurations = (
				A57CA5801C5F61AD000ACE21 /* Debug */,
				A57CA5811C5F61AD000ACE21 /* Release */,
			);
			defaultConfigurationIsVisible = 0;
		};
		A5977DAD1C58D7630036D9E9 /* Build configuration list for PBXProject "SwiftComponents" */ = {
			isa = XCConfigurationList;
			buildConfigurations = (
				A5977DC21C58D7630036D9E9 /* Debug */,
				A5977DC31C58D7630036D9E9 /* Release */,
			);
			defaultConfigurationIsVisible = 0;
			defaultConfigurationName = Release;
		};
		A5977DC41C58D7630036D9E9 /* Build configuration list for PBXNativeTarget "SwiftComponents" */ = {
			isa = XCConfigurationList;
			buildConfigurations = (
				A5977DC51C58D7630036D9E9 /* Debug */,
				A5977DC61C58D7630036D9E9 /* Release */,
			);
			defaultConfigurationIsVisible = 0;
			defaultConfigurationName = Release;
		};
/* End XCConfigurationList section */
	};
	rootObject = A5977DAA1C58D7630036D9E9 /* Project object */;
}
